{
  "name": "test",
  "version": "0.1.0",
  "lockfileVersion": 2,
  "requires": true,
  "packages": {
    "": {
      "name": "test",
      "version": "0.1.0",
      "license": "ISC",
      "devDependencies": {
        "babel-plugin-rewire": "^1.2.0"
      }
    },
    "node_modules/babel-plugin-rewire": {
      "version": "1.2.0",
      "resolved": "https://registry.npmjs.org/babel-plugin-rewire/-/babel-plugin-rewire-1.2.0.tgz",
      "integrity": "sha512-JBZxczHw3tScS+djy6JPLMjblchGhLI89ep15H3SyjujIzlxo5nr6Yjo7AXotdeVczeBmWs0tF8PgJWDdgzAkQ==",
      "dev": true
    }
  },
  "dependencies": {
    "babel-plugin-rewire": {
      "version": "1.2.0",
      "resolved": "https://registry.npmjs.org/babel-plugin-rewire/-/babel-plugin-rewire-1.2.0.tgz",
      "integrity": "sha512-JBZxczHw3tScS+djy6JPLMjblchGhLI89ep15H3SyjujIzlxo5nr6Yjo7AXotdeVczeBmWs0tF8PgJWDdgzAkQ==",
      "dev": true
    }
  }
}
